
Microsoft Visual Studio Solution File, Format Version 12.00
# Visual Studio Version 17
VisualStudioVersion = 17.5.002.0
MinimumVisualStudioVersion = 10.0.40219.1
Project("{9A19103F-16F7-4668-BE54-9A1E7A4F7556}") = "RadioConformanceTests", "Source\RadioConformanceTests.csproj", "{6F9ACE0B-064E-485A-A74D-7E85A61CB180}"
EndProject
Project("{9A19103F-16F7-4668-BE54-9A1E7A4F7556}") = "UnitTests", "Tests\UnitTests.csproj", "{3DA763C4-9975-416B-AA98-9117E41C9974}"
EndProject
Global
	GlobalSection(SolutionConfigurationPlatforms) = preSolution
		Debug|Any CPU = Debug|Any CPU
		Release|Any CPU = Release|Any CPU
	EndGlobalSection
	GlobalSection(ProjectConfigurationPlatforms) = postSolution
		{6F9ACE0B-064E-485A-A74D-7E85A61CB180}.Debug|Any CPU.ActiveCfg = Debug|Any CPU
		{6F9ACE0B-064E-485A-A74D-7E85A61CB180}.Debug|Any CPU.Build.0 = Debug|Any CPU
		{6F9ACE0B-064E-485A-A74D-7E85A61CB180}.Release|Any CPU.ActiveCfg = Release|Any CPU
		{6F9ACE0B-064E-485A-A74D-7E85A61CB180}.Release|Any CPU.Build.0 = Release|Any CPU
		{3DA763C4-9975-416B-AA98-9117E41C9974}.Debug|Any CPU.ActiveCfg = Debug|Any CPU
		{3DA763C4-9975-416B-AA98-9117E41C9974}.Debug|Any CPU.Build.0 = Debug|Any CPU
		{3DA763C4-9975-416B-AA98-9117E41C9974}.Release|Any CPU.ActiveCfg = Release|Any CPU
		{3DA763C4-9975-416B-AA98-9117E41C9974}.Release|Any CPU.Build.0 = Release|Any CPU
	EndGlobalSection
	GlobalSection(SolutionProperties) = preSolution
		HideSolutionNode = FALSE
	EndGlobalSection
	GlobalSection(ExtensibilityGlobals) = postSolution
		SolutionGuid = {FC0E072F-2CC8-47E7-A2EC-3104824DD21F}
	EndGlobalSection
EndGlobal
